
Microsoft Visual Studio Solution File, Format Version 12.00
# Visual Studio Version 17
VisualStudioVersion = 17.10.35013.160
MinimumVisualStudioVersion = 10.0.40219.1
Project("{2150E333-8FDC-42A3-9474-1A3956D46DE8}") = "Task0", "Task0", "{EE486F91-D53C-4798-96D2-5D74896392AB}"
EndProject
Project("{2150E333-8FDC-42A3-9474-1A3956D46DE8}") = "Task1", "Task1", "{E3A28CD3-4C2A-4164-AA46-0164400349DA}"
EndProject
Project("{2150E333-8FDC-42A3-9474-1A3956D46DE8}") = "Task2", "Task2", "{03B4250F-4030-48DF-A147-EEF280BAF6BD}"
EndProject
Project("{2150E333-8FDC-42A3-9474-1A3956D46DE8}") = "Task3", "Task3", "{DC9BDE07-3A06-47AF-B162-9B701C248C6B}"
EndProject
Project("{2150E333-8FDC-42A3-9474-1A3956D46DE8}") = "Task4", "Task4", "{E1DC8CD4-65BA-4351-B67C-6FC4E6271F98}"
EndProject
Project("{2150E333-8FDC-42A3-9474-1A3956D46DE8}") = "Task5", "Task5", "{01B35205-0DFD-4D99-801B-099B0F922F6E}"
EndProject
Project("{2150E333-8FDC-42A3-9474-1A3956D46DE8}") = "Task6", "Task6", "{C4706DB7-0450-4278-9D2D-85B3CC1D6613}"
EndProject
Project("{2150E333-8FDC-42A3-9474-1A3956D46DE8}") = "Task7", "Task7", "{3920C64B-4449-4CF1-81F4-3EC461A58CFD}"
EndProject
Project("{9A19103F-16F7-4668-BE54-9A1E7A4F7556}") = "Tyuiu.SenachevAV.Sprint4.Task0.V27", "Tyuiu.SenachevAV.Sprint4.Task0.V27\Tyuiu.SenachevAV.Sprint4.Task0.V27.csproj", "{658A3B96-7A40-40A8-B9F7-55524C5C7DC7}"
EndProject
Project("{9A19103F-16F7-4668-BE54-9A1E7A4F7556}") = "Tyuiu.SenachevAV.Sprint4.Task0.V27.Lib", "Tyuiu.SenachevAV.Sprint4.Task0.V27.Lib\Tyuiu.SenachevAV.Sprint4.Task0.V27.Lib.csproj", "{A49537AE-692C-4512-9E81-FB17C68BD9A6}"
EndProject
Project("{9A19103F-16F7-4668-BE54-9A1E7A4F7556}") = "Tyuiu.SenachevAV.Sprint4.Task0.V27.Test", "Tyuiu.SenachevAV.Sprint4.Task0.V27.Test\Tyuiu.SenachevAV.Sprint4.Task0.V27.Test.csproj", "{D96C303C-D185-406D-A4EE-5C96A290F64F}"
EndProject
Project("{9A19103F-16F7-4668-BE54-9A1E7A4F7556}") = "Tyuiu.SenachevAV.Sprint4.Task1.V20", "Tyuiu.SenachevAV.Sprint4.Task1.V20\Tyuiu.SenachevAV.Sprint4.Task1.V20.csproj", "{EAF4AC5E-FBA4-4973-8D11-DB776AC34C11}"
EndProject
Project("{9A19103F-16F7-4668-BE54-9A1E7A4F7556}") = "Tyuiu.SenachevAV.Sprint4.Task1.V20.Test", "Tyuiu.SenachevAV.Sprint4.Task1.V20.Test\Tyuiu.SenachevAV.Sprint4.Task1.V20.Test.csproj", "{BECB0A43-0DFF-40B0-BB1C-BF8395A5EDA6}"
EndProject
Project("{9A19103F-16F7-4668-BE54-9A1E7A4F7556}") = "Tyuiu.SenachevAV.Sprint4.Task1.V20.Lib", "Tyuiu.SenachevAV.Sprint4.Task1.V20.Lib\Tyuiu.SenachevAV.Sprint4.Task1.V20.Lib.csproj", "{0293481F-CDA8-491F-AB79-EBB8E9EAF5D4}"
EndProject
Project("{9A19103F-16F7-4668-BE54-9A1E7A4F7556}") = "Tyuiu.SenachevAV.Sprint4.Task2.V20", "Tyuiu.SenachevAV.Sprint4.Task2.V20\Tyuiu.SenachevAV.Sprint4.Task2.V20.csproj", "{751C85F3-2644-4C83-9CDD-BC95AC7E22C2}"
EndProject
Project("{9A19103F-16F7-4668-BE54-9A1E7A4F7556}") = "Tyuiu.SenachevAV.Sprint4.Task2.V20.Lib", "Tyuiu.SenachevAV.Sprint4.Task2.V20.Lib\Tyuiu.SenachevAV.Sprint4.Task2.V20.Lib.csproj", "{634A8BC3-9C9A-475B-AE19-7D9F7CDBDF00}"
EndProject
Project("{9A19103F-16F7-4668-BE54-9A1E7A4F7556}") = "Tyuiu.SenachevAV.Sprint4.Task2.V20.Test", "Tyuiu.SenachevAV.Sprint4.Task2.V20.Test\Tyuiu.SenachevAV.Sprint4.Task2.V20.Test.csproj", "{7E77E81E-A8D1-45A2-9DDA-4D0EA9A2C818}"
EndProject
Project("{9A19103F-16F7-4668-BE54-9A1E7A4F7556}") = "Tyuiu.SenachevAV.Sprint4.Task3.V22", "Tyuiu.SenachevAV.Sprint4.Task3.V22\Tyuiu.SenachevAV.Sprint4.Task3.V22.csproj", "{2A2FFE65-CB34-4AB3-9749-E94238E0A460}"
EndProject
Project("{9A19103F-16F7-4668-BE54-9A1E7A4F7556}") = "Tyuiu.SenachevAV.Sprint4.Task3.V22.Test", "Tyuiu.SenachevAV.Sprint4.Task3.V22.Test\Tyuiu.SenachevAV.Sprint4.Task3.V22.Test.csproj", "{A50AF12D-A103-4568-808E-C7FCCE60A895}"
EndProject
Project("{9A19103F-16F7-4668-BE54-9A1E7A4F7556}") = "Tyuiu.SenachevAV.Sprint4.Task3.V22.Lib", "Tyuiu.SenachevAV.Sprint4.Task3.V22.Lib\Tyuiu.SenachevAV.Sprint4.Task3.V22.Lib.csproj", "{A9167730-27CC-467A-ACE1-93B1EAE3E2A2}"
EndProject
Project("{9A19103F-16F7-4668-BE54-9A1E7A4F7556}") = "Tyuiu.SenachevAV.Sprint4.Task4.V12", "Tyuiu.SenachevAV.Sprint4.Task4.V12\Tyuiu.SenachevAV.Sprint4.Task4.V12.csproj", "{7DD5925F-D115-4B57-9A7D-F46A2373BAC0}"
EndProject
Project("{9A19103F-16F7-4668-BE54-9A1E7A4F7556}") = "Tyuiu.SenachevAV.Sprint4.Task4.V12.Lib", "Tyuiu.SenachevAV.Sprint4.Task4.V12.Lib\Tyuiu.SenachevAV.Sprint4.Task4.V12.Lib.csproj", "{7078FFD1-CE9A-45D8-8CD3-178AEB473BB8}"
EndProject
Project("{9A19103F-16F7-4668-BE54-9A1E7A4F7556}") = "Tyuiu.SenachevAV.Sprint4.Task4.V12.Test", "Tyuiu.SenachevAV.Sprint4.Task4.V12.Test\Tyuiu.SenachevAV.Sprint4.Task4.V12.Test.csproj", "{641DC3BE-71E4-46B0-988A-4E7AD2CB5014}"
EndProject
Project("{FAE04EC0-301F-11D3-BF4B-00C04F79EFBC}") = "Tyuiu.SenachevAV.Sprint4.Task5.V20", "Tyuiu.SenachevAV.Sprint4.Task5.V20\Tyuiu.SenachevAV.Sprint4.Task5.V20.csproj", "{4762E222-0249-4F4C-A774-0B6B0D2AE1A4}"
EndProject
Project("{FAE04EC0-301F-11D3-BF4B-00C04F79EFBC}") = "Tyuiu.SenachevAV.Sprint4.Task5.V20.Test", "Tyuiu.SenachevAV.Sprint4.Task5.V20.Test\Tyuiu.SenachevAV.Sprint4.Task5.V20.Test.csproj", "{B5975C07-456C-4517-836C-D689D86731FD}"
EndProject
Project("{FAE04EC0-301F-11D3-BF4B-00C04F79EFBC}") = "Tyuiu.SenachevAV.Sprint4.Task5.V20.Lib", "Tyuiu.SenachevAV.Sprint4.Task5.V20.Lib\Tyuiu.SenachevAV.Sprint4.Task5.V20.Lib.csproj", "{580E5653-FDE3-4966-A825-52F16FBC434C}"
EndProject
Global
	GlobalSection(SolutionConfigurationPlatforms) = preSolution
		Debug|Any CPU = Debug|Any CPU
		Release|Any CPU = Release|Any CPU
	EndGlobalSection
	GlobalSection(ProjectConfigurationPlatforms) = postSolution
		{658A3B96-7A40-40A8-B9F7-55524C5C7DC7}.Debug|Any CPU.ActiveCfg = Debug|Any CPU
		{658A3B96-7A40-40A8-B9F7-55524C5C7DC7}.Debug|Any CPU.Build.0 = Debug|Any CPU
		{658A3B96-7A40-40A8-B9F7-55524C5C7DC7}.Release|Any CPU.ActiveCfg = Release|Any CPU
		{658A3B96-7A40-40A8-B9F7-55524C5C7DC7}.Release|Any CPU.Build.0 = Release|Any CPU
		{A49537AE-692C-4512-9E81-FB17C68BD9A6}.Debug|Any CPU.ActiveCfg = Debug|Any CPU
		{A49537AE-692C-4512-9E81-FB17C68BD9A6}.Debug|Any CPU.Build.0 = Debug|Any CPU
		{A49537AE-692C-4512-9E81-FB17C68BD9A6}.Release|Any CPU.ActiveCfg = Release|Any CPU
		{A49537AE-692C-4512-9E81-FB17C68BD9A6}.Release|Any CPU.Build.0 = Release|Any CPU
		{D96C303C-D185-406D-A4EE-5C96A290F64F}.Debug|Any CPU.ActiveCfg = Debug|Any CPU
		{D96C303C-D185-406D-A4EE-5C96A290F64F}.Debug|Any CPU.Build.0 = Debug|Any CPU
		{D96C303C-D185-406D-A4EE-5C96A290F64F}.Release|Any CPU.ActiveCfg = Release|Any CPU
		{D96C303C-D185-406D-A4EE-5C96A290F64F}.Release|Any CPU.Build.0 = Release|Any CPU
		{EAF4AC5E-FBA4-4973-8D11-DB776AC34C11}.Debug|Any CPU.ActiveCfg = Debug|Any CPU
		{EAF4AC5E-FBA4-4973-8D11-DB776AC34C11}.Debug|Any CPU.Build.0 = Debug|Any CPU
		{EAF4AC5E-FBA4-4973-8D11-DB776AC34C11}.Release|Any CPU.ActiveCfg = Release|Any CPU
		{EAF4AC5E-FBA4-4973-8D11-DB776AC34C11}.Release|Any CPU.Build.0 = Release|Any CPU
		{BECB0A43-0DFF-40B0-BB1C-BF8395A5EDA6}.Debug|Any CPU.ActiveCfg = Debug|Any CPU
		{BECB0A43-0DFF-40B0-BB1C-BF8395A5EDA6}.Debug|Any CPU.Build.0 = Debug|Any CPU
		{BECB0A43-0DFF-40B0-BB1C-BF8395A5EDA6}.Release|Any CPU.ActiveCfg = Release|Any CPU
		{BECB0A43-0DFF-40B0-BB1C-BF8395A5EDA6}.Release|Any CPU.Build.0 = Release|Any CPU
		{0293481F-CDA8-491F-AB79-EBB8E9EAF5D4}.Debug|Any CPU.ActiveCfg = Debug|Any CPU
		{0293481F-CDA8-491F-AB79-EBB8E9EAF5D4}.Debug|Any CPU.Build.0 = Debug|Any CPU
		{0293481F-CDA8-491F-AB79-EBB8E9EAF5D4}.Release|Any CPU.ActiveCfg = Release|Any CPU
		{0293481F-CDA8-491F-AB79-EBB8E9EAF5D4}.Release|Any CPU.Build.0 = Release|Any CPU
		{751C85F3-2644-4C83-9CDD-BC95AC7E22C2}.Debug|Any CPU.ActiveCfg = Debug|Any CPU
		{751C85F3-2644-4C83-9CDD-BC95AC7E22C2}.Debug|Any CPU.Build.0 = Debug|Any CPU
		{751C85F3-2644-4C83-9CDD-BC95AC7E22C2}.Release|Any CPU.ActiveCfg = Release|Any CPU
		{751C85F3-2644-4C83-9CDD-BC95AC7E22C2}.Release|Any CPU.Build.0 = Release|Any CPU
		{634A8BC3-9C9A-475B-AE19-7D9F7CDBDF00}.Debug|Any CPU.ActiveCfg = Debug|Any CPU
		{634A8BC3-9C9A-475B-AE19-7D9F7CDBDF00}.Debug|Any CPU.Build.0 = Debug|Any CPU
		{634A8BC3-9C9A-475B-AE19-7D9F7CDBDF00}.Release|Any CPU.ActiveCfg = Release|Any CPU
		{634A8BC3-9C9A-475B-AE19-7D9F7CDBDF00}.Release|Any CPU.Build.0 = Release|Any CPU
		{7E77E81E-A8D1-45A2-9DDA-4D0EA9A2C818}.Debug|Any CPU.ActiveCfg = Debug|Any CPU
		{7E77E81E-A8D1-45A2-9DDA-4D0EA9A2C818}.Debug|Any CPU.Build.0 = Debug|Any CPU
		{7E77E81E-A8D1-45A2-9DDA-4D0EA9A2C818}.Release|Any CPU.ActiveCfg = Release|Any CPU
		{7E77E81E-A8D1-45A2-9DDA-4D0EA9A2C818}.Release|Any CPU.Build.0 = Release|Any CPU
		{2A2FFE65-CB34-4AB3-9749-E94238E0A460}.Debug|Any CPU.ActiveCfg = Debug|Any CPU
		{2A2FFE65-CB34-4AB3-9749-E94238E0A460}.Debug|Any CPU.Build.0 = Debug|Any CPU
		{2A2FFE65-CB34-4AB3-9749-E94238E0A460}.Release|Any CPU.ActiveCfg = Release|Any CPU
		{2A2FFE65-CB34-4AB3-9749-E94238E0A460}.Release|Any CPU.Build.0 = Release|Any CPU
		{A50AF12D-A103-4568-808E-C7FCCE60A895}.Debug|Any CPU.ActiveCfg = Debug|Any CPU
		{A50AF12D-A103-4568-808E-C7FCCE60A895}.Debug|Any CPU.Build.0 = Debug|Any CPU
		{A50AF12D-A103-4568-808E-C7FCCE60A895}.Release|Any CPU.ActiveCfg = Release|Any CPU
		{A50AF12D-A103-4568-808E-C7FCCE60A895}.Release|Any CPU.Build.0 = Release|Any CPU
		{A9167730-27CC-467A-ACE1-93B1EAE3E2A2}.Debug|Any CPU.ActiveCfg = Debug|Any CPU
		{A9167730-27CC-467A-ACE1-93B1EAE3E2A2}.Debug|Any CPU.Build.0 = Debug|Any CPU
		{A9167730-27CC-467A-ACE1-93B1EAE3E2A2}.Release|Any CPU.ActiveCfg = Release|Any CPU
		{A9167730-27CC-467A-ACE1-93B1EAE3E2A2}.Release|Any CPU.Build.0 = Release|Any CPU
		{7DD5925F-D115-4B57-9A7D-F46A2373BAC0}.Debug|Any CPU.ActiveCfg = Debug|Any CPU
		{7DD5925F-D115-4B57-9A7D-F46A2373BAC0}.Debug|Any CPU.Build.0 = Debug|Any CPU
		{7DD5925F-D115-4B57-9A7D-F46A2373BAC0}.Release|Any CPU.ActiveCfg = Release|Any CPU
		{7DD5925F-D115-4B57-9A7D-F46A2373BAC0}.Release|Any CPU.Build.0 = Release|Any CPU
		{7078FFD1-CE9A-45D8-8CD3-178AEB473BB8}.Debug|Any CPU.ActiveCfg = Debug|Any CPU
		{7078FFD1-CE9A-45D8-8CD3-178AEB473BB8}.Debug|Any CPU.Build.0 = Debug|Any CPU
		{7078FFD1-CE9A-45D8-8CD3-178AEB473BB8}.Release|Any CPU.ActiveCfg = Release|Any CPU
		{7078FFD1-CE9A-45D8-8CD3-178AEB473BB8}.Release|Any CPU.Build.0 = Release|Any CPU
		{641DC3BE-71E4-46B0-988A-4E7AD2CB5014}.Debug|Any CPU.ActiveCfg = Debug|Any CPU
		{641DC3BE-71E4-46B0-988A-4E7AD2CB5014}.Debug|Any CPU.Build.0 = Debug|Any CPU
		{641DC3BE-71E4-46B0-988A-4E7AD2CB5014}.Release|Any CPU.ActiveCfg = Release|Any CPU
		{641DC3BE-71E4-46B0-988A-4E7AD2CB5014}.Release|Any CPU.Build.0 = Release|Any CPU
		{4762E222-0249-4F4C-A774-0B6B0D2AE1A4}.Debug|Any CPU.ActiveCfg = Debug|Any CPU
		{4762E222-0249-4F4C-A774-0B6B0D2AE1A4}.Debug|Any CPU.Build.0 = Debug|Any CPU
		{4762E222-0249-4F4C-A774-0B6B0D2AE1A4}.Release|Any CPU.ActiveCfg = Release|Any CPU
		{4762E222-0249-4F4C-A774-0B6B0D2AE1A4}.Release|Any CPU.Build.0 = Release|Any CPU
		{B5975C07-456C-4517-836C-D689D86731FD}.Debug|Any CPU.ActiveCfg = Debug|Any CPU
		{B5975C07-456C-4517-836C-D689D86731FD}.Debug|Any CPU.Build.0 = Debug|Any CPU
		{B5975C07-456C-4517-836C-D689D86731FD}.Release|Any CPU.ActiveCfg = Release|Any CPU
		{B5975C07-456C-4517-836C-D689D86731FD}.Release|Any CPU.Build.0 = Release|Any CPU
		{580E5653-FDE3-4966-A825-52F16FBC434C}.Debug|Any CPU.ActiveCfg = Debug|Any CPU
		{580E5653-FDE3-4966-A825-52F16FBC434C}.Debug|Any CPU.Build.0 = Debug|Any CPU
		{580E5653-FDE3-4966-A825-52F16FBC434C}.Release|Any CPU.ActiveCfg = Release|Any CPU
		{580E5653-FDE3-4966-A825-52F16FBC434C}.Release|Any CPU.Build.0 = Release|Any CPU
	EndGlobalSection
	GlobalSection(SolutionProperties) = preSolution
		HideSolutionNode = FALSE
	EndGlobalSection
	GlobalSection(NestedProjects) = preSolution
		{658A3B96-7A40-40A8-B9F7-55524C5C7DC7} = {EE486F91-D53C-4798-96D2-5D74896392AB}
		{A49537AE-692C-4512-9E81-FB17C68BD9A6} = {EE486F91-D53C-4798-96D2-5D74896392AB}
		{D96C303C-D185-406D-A4EE-5C96A290F64F} = {EE486F91-D53C-4798-96D2-5D74896392AB}
		{EAF4AC5E-FBA4-4973-8D11-DB776AC34C11} = {E3A28CD3-4C2A-4164-AA46-0164400349DA}
		{BECB0A43-0DFF-40B0-BB1C-BF8395A5EDA6} = {E3A28CD3-4C2A-4164-AA46-0164400349DA}
		{0293481F-CDA8-491F-AB79-EBB8E9EAF5D4} = {E3A28CD3-4C2A-4164-AA46-0164400349DA}
		{751C85F3-2644-4C83-9CDD-BC95AC7E22C2} = {03B4250F-4030-48DF-A147-EEF280BAF6BD}
		{634A8BC3-9C9A-475B-AE19-7D9F7CDBDF00} = {03B4250F-4030-48DF-A147-EEF280BAF6BD}
		{7E77E81E-A8D1-45A2-9DDA-4D0EA9A2C818} = {03B4250F-4030-48DF-A147-EEF280BAF6BD}
		{2A2FFE65-CB34-4AB3-9749-E94238E0A460} = {DC9BDE07-3A06-47AF-B162-9B701C248C6B}
		{A50AF12D-A103-4568-808E-C7FCCE60A895} = {DC9BDE07-3A06-47AF-B162-9B701C248C6B}
		{A9167730-27CC-467A-ACE1-93B1EAE3E2A2} = {DC9BDE07-3A06-47AF-B162-9B701C248C6B}
		{7DD5925F-D115-4B57-9A7D-F46A2373BAC0} = {E1DC8CD4-65BA-4351-B67C-6FC4E6271F98}
		{7078FFD1-CE9A-45D8-8CD3-178AEB473BB8} = {E1DC8CD4-65BA-4351-B67C-6FC4E6271F98}
		{641DC3BE-71E4-46B0-988A-4E7AD2CB5014} = {E1DC8CD4-65BA-4351-B67C-6FC4E6271F98}
		{4762E222-0249-4F4C-A774-0B6B0D2AE1A4} = {01B35205-0DFD-4D99-801B-099B0F922F6E}
		{B5975C07-456C-4517-836C-D689D86731FD} = {01B35205-0DFD-4D99-801B-099B0F922F6E}
		{580E5653-FDE3-4966-A825-52F16FBC434C} = {01B35205-0DFD-4D99-801B-099B0F922F6E}
	EndGlobalSection
	GlobalSection(ExtensibilityGlobals) = postSolution
		SolutionGuid = {148C27C8-6A50-4079-8552-2C041B6AAF1C}
	EndGlobalSection
EndGlobal
